
Microsoft Visual Studio Solution File, Format Version 12.00
# Visual Studio Version 17
VisualStudioVersion = 17.7.34221.43
MinimumVisualStudioVersion = 10.0.40219.1
Project("{FAE04EC0-301F-11D3-BF4B-00C04F79EFBC}") = "Day19Assignment24", "Day19Assignment24\Day19Assignment24.csproj", "{3816D7C7-9ACD-4F1D-9534-2FBBB4D6AB02}"
EndProject
Global
	GlobalSection(SolutionConfigurationPlatforms) = preSolution
		Debug|Any CPU = Debug|Any CPU
		Release|Any CPU = Release|Any CPU
	EndGlobalSection
	GlobalSection(ProjectConfigurationPlatforms) = postSolution
		{3816D7C7-9ACD-4F1D-9534-2FBBB4D6AB02}.Debug|Any CPU.ActiveCfg = Debug|Any CPU
		{3816D7C7-9ACD-4F1D-9534-2FBBB4D6AB02}.Debug|Any CPU.Build.0 = Debug|Any CPU
		{3816D7C7-9ACD-4F1D-9534-2FBBB4D6AB02}.Release|Any CPU.ActiveCfg = Release|Any CPU
		{3816D7C7-9ACD-4F1D-9534-2FBBB4D6AB02}.Release|Any CPU.Build.0 = Release|Any CPU
	EndGlobalSection
	GlobalSection(SolutionProperties) = preSolution
		HideSolutionNode = FALSE
	EndGlobalSection
	GlobalSection(ExtensibilityGlobals) = postSolution
		SolutionGuid = {A5DEA31B-05F1-4B85-AF8B-4FED92D65A96}
	EndGlobalSection
EndGlobal
